<?xml version="1.0" encoding="utf-8"?>
<Project ToolsVersion="4.0" xmlns="http://schemas.microsoft.com/developer/msbuild/2003">
  <ItemGroup>
    <Filter Include="externals">
      <UniqueIdentifier>{567d046b-5cc3-4929-a227-ee6c16432280}</UniqueIdentifier>
    </Filter>
    <Filter Include="externals\imgui">
      <UniqueIdentifier>{549d6903-40f3-409c-8cb1-dff71af74df4}</UniqueIdentifier>
    </Filter>
    <Filter Include="externals\ImGuizmo">
      <UniqueIdentifier>{b2f9a740-44d9-441e-bf72-4e47b428e872}</UniqueIdentifier>
    </Filter>
    <Filter Include="externals\ImGuiFileDialog">
      <UniqueIdentifier>{ca64e67d-8bb4-4d88-bd20-d39c76591745}</UniqueIdentifier>
    </Filter>
    <Filter Include="externals\implot">
      <UniqueIdentifier>{c6d66bb8-93c9-4aae-9b7d-7421df87d9d2}</UniqueIdentifier>
    </Filter>
    <Filter Include="externals\imgui-node-editor">
      <UniqueIdentifier>{7161497c-2fb1-42de-88d5-e64abdbf0203}</UniqueIdentifier>
    </Filter>
    <Filter Include="externals\ImGuiColorTextEdit">
      <UniqueIdentifier>{5fa2a078-89e1-4861-ac28-158d9325a0d0}</UniqueIdentifier>
    </Filter>
    <Filter Include="externals\IconFontCppHeaders">
      <UniqueIdentifier>{52ac0a30-2c98-4f0e-932f-ccdf5d3cdb0e}</UniqueIdentifier>
    </Filter>
    <Filter Include="include">
      <UniqueIdentifier>{878d94c2-b98a-4e20-b168-a8efb07eee2c}</UniqueIdentifier>
    </Filter>
    <Filter Include="src">
      <UniqueIdentifier>{650138e7-3456-48dc-ac9c-593f411720cf}</UniqueIdentifier>
    </Filter>
    <Filter Include="src\app">
      <UniqueIdentifier>{fc9b23ad-ef5e-43a7-8d23-861cc28ff451}</UniqueIdentifier>
    </Filter>
    <Filter Include="src\engine">
      <UniqueIdentifier>{2d3be6c6-d76e-47da-ad6d-05e289153934}</UniqueIdentifier>
    </Filter>
    <Filter Include="src\engine\2d">
      <UniqueIdentifier>{bce80085-ff98-4b07-8f0c-16b9400fca3f}</UniqueIdentifier>
    </Filter>
    <Filter Include="src\engine\3d">
      <UniqueIdentifier>{27294f05-82aa-450c-a69f-0a9b06c12d88}</UniqueIdentifier>
    </Filter>
    <Filter Include="src\engine\base">
      <UniqueIdentifier>{ef4b96e9-11ca-4c66-88f5-297da69ac206}</UniqueIdentifier>
    </Filter>
    <Filter Include="src\engine\io">
      <UniqueIdentifier>{ac7f82b2-aa04-4038-9f57-38501d2393d4}</UniqueIdentifier>
    </Filter>
    <Filter Include="src\engine\scene">
      <UniqueIdentifier>{83ca2a01-a272-4025-a154-82c0eddfb111}</UniqueIdentifier>
    </Filter>
    <Filter Include="include\engine">
      <UniqueIdentifier>{0b7807e4-e20a-46a3-bb59-4b976522fd50}</UniqueIdentifier>
    </Filter>
    <Filter Include="include\engine\2d">
      <UniqueIdentifier>{90915702-70d3-4cd4-90b7-5f63c03795cc}</UniqueIdentifier>
    </Filter>
    <Filter Include="include\engine\3d">
      <UniqueIdentifier>{67350c26-5c4c-440d-9d7d-003f0199a336}</UniqueIdentifier>
    </Filter>
    <Filter Include="include\engine\base">
      <UniqueIdentifier>{3adcdd5d-d9fd-4797-a5e7-b4da2c98ae2e}</UniqueIdentifier>
    </Filter>
    <Filter Include="include\engine\io">
      <UniqueIdentifier>{968f282b-b8d0-451a-98b9-11f2ba159d35}</UniqueIdentifier>
    </Filter>
    <Filter Include="include\engine\scene">
      <UniqueIdentifier>{f37cbe40-f155-4426-8a41-437f59a2e275}</UniqueIdentifier>
    </Filter>
    <Filter Include="include\engine\audio">
      <UniqueIdentifier>{ad1c882e-187d-461f-a6fd-d9c0a0268821}</UniqueIdentifier>
    </Filter>
    <Filter Include="include\engine\math">
      <UniqueIdentifier>{0546799c-ced5-4fee-bcd0-76a90f38bb4a}</UniqueIdentifier>
    </Filter>
    <Filter Include="shaders">
      <UniqueIdentifier>{01c93764-604d-4fc4-9969-ad1b23881cc9}</UniqueIdentifier>
    </Filter>
    <Filter Include="resources">
      <UniqueIdentifier>{724b9669-b3ff-492b-b583-c902814b1e55}</UniqueIdentifier>
    </Filter>
    <Filter Include="resources\skybox">
      <UniqueIdentifier>{28d6eb0f-1178-4c7e-9e58-6b2c9f40b482}</UniqueIdentifier>
    </Filter>
    <Filter Include="resources\fonts">
      <UniqueIdentifier>{1f00f675-8692-4e77-ab44-b77660e84354}</UniqueIdentifier>
    </Filter>
    <Filter Include="src\engine\audio">
      <UniqueIdentifier>{db1bd0e5-aeaf-42eb-b084-3afc55d93ee8}</UniqueIdentifier>
    </Filter>
    <Filter Include="src\engine\editor">
      <UniqueIdentifier>{efeb9ce3-9cf2-4730-8b6b-8fdcf75908dc}</UniqueIdentifier>
    </Filter>
    <Filter Include="include\app">
      <UniqueIdentifier>{ec19c3a1-1317-4b46-bfe5-011156ee37e3}</UniqueIdentifier>
    </Filter>
    <Filter Include="include\engine\editor">
      <UniqueIdentifier>{cf6cfd83-4227-4b29-bb70-e69e2dcfd395}</UniqueIdentifier>
    </Filter>
  </ItemGroup>
  <ItemGroup>
    <ClCompile Include="externals\imgui\imgui.cpp">
      <Filter>externals\imgui</Filter>
    </ClCompile>
    <ClCompile Include="externals\imgui\imgui_demo.cpp">
      <Filter>externals\imgui</Filter>
    </ClCompile>
    <ClCompile Include="externals\imgui\imgui_draw.cpp">
      <Filter>externals\imgui</Filter>
    </ClCompile>
    <ClCompile Include="externals\imgui\imgui_impl_dx12.cpp">
      <Filter>externals\imgui</Filter>
    </ClCompile>
    <ClCompile Include="externals\imgui\imgui_impl_win32.cpp">
      <Filter>externals\imgui</Filter>
    </ClCompile>
    <ClCompile Include="externals\imgui\imgui_tables.cpp">
      <Filter>externals\imgui</Filter>
    </ClCompile>
    <ClCompile Include="externals\imgui\imgui_widgets.cpp">
      <Filter>externals\imgui</Filter>
    </ClCompile>
    <ClCompile Include="externals\ImGuizmo\ImGuizmo.cpp">
      <Filter>externals\ImGuizmo</Filter>
    </ClCompile>
    <ClCompile Include="externals\ImGuiFileDialog\ImGuiFileDialog.cpp">
      <Filter>externals\ImGuiFileDialog</Filter>
    </ClCompile>
    <ClCompile Include="externals\implot\implot.cpp">
      <Filter>externals\implot</Filter>
    </ClCompile>
    <ClCompile Include="externals\implot\implot_items.cpp">
      <Filter>externals\implot</Filter>
    </ClCompile>
    <ClCompile Include="externals\imgui-node-editor\crude_json.cpp">
      <Filter>externals\imgui-node-editor</Filter>
    </ClCompile>
    <ClCompile Include="externals\imgui-node-editor\imgui_canvas.cpp">
      <Filter>externals\imgui-node-editor</Filter>
    </ClCompile>
    <ClCompile Include="externals\imgui-node-editor\imgui_node_editor.cpp">
      <Filter>externals\imgui-node-editor</Filter>
    </ClCompile>
    <ClCompile Include="externals\imgui-node-editor\imgui_node_editor_api.cpp">
      <Filter>externals\imgui-node-editor</Filter>
    </ClCompile>
    <ClCompile Include="externals\ImGuiColorTextEdit\TextEditor.cpp">
      <Filter>externals\ImGuiColorTextEdit</Filter>
    </ClCompile>
    <ClCompile Include="src\app\main.cpp">
      <Filter>src\app</Filter>
    </ClCompile>
    <ClCompile Include="src\engine\3d\ResourceObject.cpp">
      <Filter>src\engine\3d</Filter>
    </ClCompile>
    <ClCompile Include="src\engine\io\Input.cpp">
      <Filter>src\engine\io</Filter>
    </ClCompile>
    <ClCompile Include="src\engine\base\WinApp.cpp">
      <Filter>src\engine\base</Filter>
    </ClCompile>
    <ClCompile Include="src\engine\base\DirectXCommon.cpp">
      <Filter>src\engine\base</Filter>
    </ClCompile>
    <ClCompile Include="src\engine\base\Logger.cpp">
      <Filter>src\engine\base</Filter>
    </ClCompile>
    <ClCompile Include="src\engine\base\StringUtility.cpp">
      <Filter>src\engine\base</Filter>
    </ClCompile>
    <ClCompile Include="src\engine\base\D3DResourceLeakChecker.cpp">
      <Filter>src\engine\base</Filter>
    </ClCompile>
    <ClCompile Include="src\engine\2d\SpriteCommon.cpp">
      <Filter>src\engine\2d</Filter>
    </ClCompile>
    <ClCompile Include="src\engine\2d\Sprite.cpp">
      <Filter>src\engine\2d</Filter>
    </ClCompile>
    <ClCompile Include="src\engine\base\Math.cpp">
      <Filter>src\engine\base</Filter>
    </ClCompile>
    <ClCompile Include="src\engine\3d\TextureManager.cpp">
      <Filter>src\engine\3d</Filter>
    </ClCompile>
    <ClCompile Include="src\engine\3d\Object3dCommon.cpp">
      <Filter>src\engine\3d</Filter>
    </ClCompile>
    <ClCompile Include="src\engine\3d\Object3d.cpp">
      <Filter>src\engine\3d</Filter>
    </ClCompile>
    <ClCompile Include="src\engine\3d\Skybox.cpp">
      <Filter>src\engine\3d</Filter>
    </ClCompile>
    <ClCompile Include="src\engine\3d\ModelCommon.cpp">
      <Filter>src\engine\3d</Filter>
    </ClCompile>
    <ClCompile Include="src\engine\3d\Model.cpp">
      <Filter>src\engine\3d</Filter>
    </ClCompile>
    <ClCompile Include="src\engine\3d\ModelManager.cpp">
      <Filter>src\engine\3d</Filter>
    </ClCompile>
    <ClCompile Include="src\engine\3d\Camera.cpp">
      <Filter>src\engine\3d</Filter>
    </ClCompile>
    <ClCompile Include="src\engine\base\SrvManager.cpp">
      <Filter>src\engine\base</Filter>
    </ClCompile>
    <ClCompile Include="src\engine\3d\Particle.cpp">
      <Filter>src\engine\3d</Filter>
    </ClCompile>
    <ClCompile Include="src\engine\3d\ParticleManager.cpp">
      <Filter>src\engine\3d</Filter>
    </ClCompile>
    <ClCompile Include="src\engine\3d\ParticleEmitter.cpp">
      <Filter>src\engine\3d</Filter>
    </ClCompile>
    <ClCompile Include="src\engine\base\ImGuiManager.cpp">
      <Filter>src\engine\base</Filter>
    </ClCompile>
    <ClCompile Include="src\engine\audio\SoundManager.cpp">
      <Filter>src\engine\audio</Filter>
    </ClCompile>
    <ClCompile Include="src\engine\base\Framework.cpp">
      <Filter>src\engine\base</Filter>
    </ClCompile>
    <ClCompile Include="src\app\MyGame.cpp">
      <Filter>src\app</Filter>
    </ClCompile>
    <ClCompile Include="src\app\Bullet.cpp">
      <Filter>src\app</Filter>
    </ClCompile>
    <ClCompile Include="src\app\Enemy.cpp">
      <Filter>src\app</Filter>
    </ClCompile>
    <ClCompile Include="src\app\GameRuntime.cpp">
      <Filter>src\app</Filter>
    </ClCompile>
    <ClCompile Include="src\app\Player.cpp">
      <Filter>src\app</Filter>
    </ClCompile>
    <ClCompile Include="src\engine\scene\GameScene.cpp">
      <Filter>src\engine\scene</Filter>
    </ClCompile>
    <ClCompile Include="src\engine\scene\EditorScene.cpp">
      <Filter>src\engine\scene</Filter>
    </ClCompile>
    <ClCompile Include="src\engine\scene\LevelDataLoader.cpp">
      <Filter>src\engine\scene</Filter>
    </ClCompile>
    <ClCompile Include="src\engine\scene\SceneSerializer.cpp">
      <Filter>src\engine\scene</Filter>
    </ClCompile>
    <ClCompile Include="src\engine\editor\EditorManager.cpp">
      <Filter>src\engine\editor</Filter>
    </ClCompile>
    <ClCompile Include="src\engine\editor\EditorPlayController.cpp">
      <Filter>src\engine\editor</Filter>
    </ClCompile>
    <ClCompile Include="src\engine\scene\BaseScene.cpp">
      <Filter>src\engine\scene</Filter>
    </ClCompile>
    <ClCompile Include="src\engine\scene\TitleScene.cpp">
      <Filter>src\engine\scene</Filter>
    </ClCompile>
    <ClCompile Include="src\engine\scene\SceneFactory.cpp">
      <Filter>src\engine\scene</Filter>
    </ClCompile>
    <ClCompile Include="src\engine\scene\SceneManager.cpp">
      <Filter>src\engine\scene</Filter>
    </ClCompile>
  </ItemGroup>
  <ItemGroup>
    <FxCompile Include="shaders\Sprite.PS.hlsl">
      <Filter>shaders</Filter>
    </FxCompile>
    <FxCompile Include="shaders\Sprite.VS.hlsl">
      <Filter>shaders</Filter>
    </FxCompile>
    <FxCompile Include="shaders\Object3d.PS.hlsl">
      <Filter>shaders</Filter>
    </FxCompile>
    <FxCompile Include="shaders\Object3d.VS.hlsl">
      <Filter>shaders</Filter>
    </FxCompile>
    <FxCompile Include="shaders\Object3D_NoUV.PS.hlsl">
      <Filter>shaders</Filter>
    </FxCompile>
    <FxCompile Include="shaders\Object3D_NoUV.VS.hlsl">
      <Filter>shaders</Filter>
    </FxCompile>
    <FxCompile Include="shaders\Particle.PS.hlsl">
      <Filter>shaders</Filter>
    </FxCompile>
    <FxCompile Include="shaders\Particle.VS.hlsl">
      <Filter>shaders</Filter>
    </FxCompile>
    <FxCompile Include="shaders\Skybox.PS.hlsl">
      <Filter>shaders</Filter>
    </FxCompile>
    <FxCompile Include="shaders\Skybox.VS.hlsl">
      <Filter>shaders</Filter>
    </FxCompile>
    <FxCompile Include="shaders\CopyImage.PS.hlsl">
      <Filter>shaders</Filter>
    </FxCompile>
    <FxCompile Include="shaders\Fullscreen.VS.hlsl">
      <Filter>shaders</Filter>
    </FxCompile>
    <FxCompile Include="shaders\Grayscale.PS.hlsl">
      <Filter>shaders</Filter>
    </FxCompile>
    <FxCompile Include="shaders\Vignette.PS.hlsl">
      <Filter>shaders</Filter>
    </FxCompile>
    <FxCompile Include="shaders\BoxFilter.PS.hlsl">
      <Filter>shaders</Filter>
    </FxCompile>
    <FxCompile Include="shaders\BoxFilter5x5.PS.hlsl">
      <Filter>shaders</Filter>
    </FxCompile>
    <FxCompile Include="shaders\GaussianFilter.PS.hlsl">
      <Filter>shaders</Filter>
    </FxCompile>
    <FxCompile Include="shaders\VignetteSmoothing.PS.hlsl">
      <Filter>shaders</Filter>
    </FxCompile>
    <FxCompile Include="shaders\GameTone.PS.hlsl">
      <Filter>shaders</Filter>
    </FxCompile>
    <FxCompile Include="shaders\LuminanceBasedOutline.PS.hlsl">
      <Filter>shaders</Filter>
    </FxCompile>
    <FxCompile Include="shaders\DepthBasedOutline.PS.hlsl">
      <Filter>shaders</Filter>
    </FxCompile>
    <FxCompile Include="shaders\RadialBlur.PS.hlsl">
      <Filter>shaders</Filter>
    </FxCompile>
    <FxCompile Include="shaders\Dissolve.PS.hlsl">
      <Filter>shaders</Filter>
    </FxCompile>
    <FxCompile Include="shaders\Random.PS.hlsl">
      <Filter>shaders</Filter>
    </FxCompile>
  </ItemGroup>
  <ItemGroup>
    <ClInclude Include="externals\imgui\imconfig.h">
      <Filter>externals\imgui</Filter>
    </ClInclude>
    <ClInclude Include="externals\imgui\imgui.h">
      <Filter>externals\imgui</Filter>
    </ClInclude>
    <ClInclude Include="externals\imgui\imgui_impl_dx12.h">
      <Filter>externals\imgui</Filter>
    </ClInclude>
    <ClInclude Include="externals\imgui\imgui_impl_win32.h">
      <Filter>externals\imgui</Filter>
    </ClInclude>
    <ClInclude Include="externals\imgui\imgui_internal.h">
      <Filter>externals\imgui</Filter>
    </ClInclude>
    <ClInclude Include="externals\imgui\imstb_rectpack.h">
      <Filter>externals\imgui</Filter>
    </ClInclude>
    <ClInclude Include="externals\imgui\imstb_textedit.h">
      <Filter>externals\imgui</Filter>
    </ClInclude>
    <ClInclude Include="externals\imgui\imstb_truetype.h">
      <Filter>externals\imgui</Filter>
    </ClInclude>
    <ClInclude Include="externals\ImGuizmo\ImGuizmo.h">
      <Filter>externals\ImGuizmo</Filter>
    </ClInclude>
    <ClInclude Include="externals\ImGuiFileDialog\ImGuiFileDialog.h">
      <Filter>externals\ImGuiFileDialog</Filter>
    </ClInclude>
    <ClInclude Include="externals\ImGuiFileDialog\ImGuiFileDialogConfig.h">
      <Filter>externals\ImGuiFileDialog</Filter>
    </ClInclude>
    <ClInclude Include="externals\ImGuiFileDialog\dirent\dirent.h">
      <Filter>externals\ImGuiFileDialog</Filter>
    </ClInclude>
    <ClInclude Include="externals\ImGuiFileDialog\stb\stb_image.h">
      <Filter>externals\ImGuiFileDialog</Filter>
    </ClInclude>
    <ClInclude Include="externals\ImGuiFileDialog\stb\stb_image_resize2.h">
      <Filter>externals\ImGuiFileDialog</Filter>
    </ClInclude>
    <ClInclude Include="externals\implot\implot.h">
      <Filter>externals\implot</Filter>
    </ClInclude>
    <ClInclude Include="externals\implot\implot_internal.h">
      <Filter>externals\implot</Filter>
    </ClInclude>
    <ClInclude Include="externals\imgui-node-editor\crude_json.h">
      <Filter>externals\imgui-node-editor</Filter>
    </ClInclude>
    <ClInclude Include="externals\imgui-node-editor\imgui_bezier_math.h">
      <Filter>externals\imgui-node-editor</Filter>
    </ClInclude>
    <ClInclude Include="externals\imgui-node-editor\imgui_bezier_math.inl">
      <Filter>externals\imgui-node-editor</Filter>
    </ClInclude>
    <ClInclude Include="externals\imgui-node-editor\imgui_canvas.h">
      <Filter>externals\imgui-node-editor</Filter>
    </ClInclude>
    <ClInclude Include="externals\imgui-node-editor\imgui_extra_math.h">
      <Filter>externals\imgui-node-editor</Filter>
    </ClInclude>
    <ClInclude Include="externals\imgui-node-editor\imgui_extra_math.inl">
      <Filter>externals\imgui-node-editor</Filter>
    </ClInclude>
    <ClInclude Include="externals\imgui-node-editor\imgui_node_editor.h">
      <Filter>externals\imgui-node-editor</Filter>
    </ClInclude>
    <ClInclude Include="externals\imgui-node-editor\imgui_node_editor_internal.h">
      <Filter>externals\imgui-node-editor</Filter>
    </ClInclude>
    <ClInclude Include="externals\imgui-node-editor\imgui_node_editor_internal.inl">
      <Filter>externals\imgui-node-editor</Filter>
    </ClInclude>
    <ClInclude Include="externals\ImGuiColorTextEdit\TextEditor.h">
      <Filter>externals\ImGuiColorTextEdit</Filter>
    </ClInclude>
    <ClInclude Include="externals\IconFontCppHeaders\IconsFontAwesome6.h">
      <Filter>externals\IconFontCppHeaders</Filter>
    </ClInclude>
    <ClInclude Include="include\engine\3d\ResourceObject.h">
      <Filter>include\engine\3d</Filter>
    </ClInclude>
    <ClInclude Include="resource.h" />
    <ClInclude Include="include\engine\io\Input.h">
      <Filter>include\engine\io</Filter>
    </ClInclude>
    <ClInclude Include="include\engine\base\WinApp.h">
      <Filter>include\engine\base</Filter>
    </ClInclude>
    <ClInclude Include="include\engine\base\DirectXCommon.h">
      <Filter>include\engine\base</Filter>
    </ClInclude>
    <ClInclude Include="include\engine\base\Logger.h">
      <Filter>include\engine\base</Filter>
    </ClInclude>
    <ClInclude Include="include\engine\base\StringUtility.h">
      <Filter>include\engine\base</Filter>
    </ClInclude>
    <ClInclude Include="include\engine\base\D3DResourceLeakChecker.h">
      <Filter>include\engine\base</Filter>
    </ClInclude>
    <ClInclude Include="include\engine\2d\Sprite.h">
      <Filter>include\engine\2d</Filter>
    </ClInclude>
    <ClInclude Include="include\engine\2d\SpriteCommon.h">
      <Filter>include\engine\2d</Filter>
    </ClInclude>
    <ClInclude Include="include\engine\base\Math.h">
      <Filter>include\engine\base</Filter>
    </ClInclude>
    <ClInclude Include="include\engine\3d\TextureManager.h">
      <Filter>include\engine\3d</Filter>
    </ClInclude>
    <ClInclude Include="include\engine\3d\Object3d.h">
      <Filter>include\engine\3d</Filter>
    </ClInclude>
    <ClInclude Include="include\engine\3d\Object3dCommon.h">
      <Filter>include\engine\3d</Filter>
    </ClInclude>
    <ClInclude Include="include\engine\3d\Skybox.h">
      <Filter>include\engine\3d</Filter>
    </ClInclude>
    <ClInclude Include="include\engine\3d\ModelCommon.h">
      <Filter>include\engine\3d</Filter>
    </ClInclude>
    <ClInclude Include="include\engine\3d\Model.h">
      <Filter>include\engine\3d</Filter>
    </ClInclude>
    <ClInclude Include="include\engine\3d\ModelManager.h">
      <Filter>include\engine\3d</Filter>
    </ClInclude>
    <ClInclude Include="include\engine\3d\Camera.h">
      <Filter>include\engine\3d</Filter>
    </ClInclude>
    <ClInclude Include="include\engine\base\SrvManager.h">
      <Filter>include\engine\base</Filter>
    </ClInclude>
    <ClInclude Include="include\engine\3d\Particle.h">
      <Filter>include\engine\3d</Filter>
    </ClInclude>
    <ClInclude Include="include\engine\3d\ParticleManager.h">
      <Filter>include\engine\3d</Filter>
    </ClInclude>
    <ClInclude Include="include\engine\3d\ParticleEmitter.h">
      <Filter>include\engine\3d</Filter>
    </ClInclude>
    <ClInclude Include="include\engine\base\ImGuiManager.h">
      <Filter>include\engine\base</Filter>
    </ClInclude>
    <ClInclude Include="include\engine\audio\SoundManager.h">
      <Filter>include\engine\audio</Filter>
    </ClInclude>
    <ClInclude Include="include\engine\base\Framework.h">
      <Filter>include\engine\base</Filter>
    </ClInclude>
    <ClInclude Include="include\app\MyGame.h">
      <Filter>include\app</Filter>
    </ClInclude>
    <ClInclude Include="include\app\Bullet.h">
      <Filter>include\app</Filter>
    </ClInclude>
    <ClInclude Include="include\app\Enemy.h">
      <Filter>include\app</Filter>
    </ClInclude>
    <ClInclude Include="include\app\GameRuntime.h">
      <Filter>include\app</Filter>
    </ClInclude>
    <ClInclude Include="include\app\Player.h">
      <Filter>include\app</Filter>
    </ClInclude>
    <ClInclude Include="include\engine\scene\GameScene.h">
      <Filter>include\engine\scene</Filter>
    </ClInclude>
    <ClInclude Include="include\engine\scene\EditorScene.h">
      <Filter>include\engine\scene</Filter>
    </ClInclude>
    <ClInclude Include="include\engine\scene\LevelDataLoader.h">
      <Filter>include\engine\scene</Filter>
    </ClInclude>
    <ClInclude Include="include\engine\scene\SceneSerializer.h">
      <Filter>include\engine\scene</Filter>
    </ClInclude>
    <ClInclude Include="include\engine\editor\EditorManager.h">
      <Filter>include\engine\editor</Filter>
    </ClInclude>
    <ClInclude Include="include\engine\editor\EditorPlayController.h">
      <Filter>include\engine\editor</Filter>
    </ClInclude>
    <ClInclude Include="include\engine\scene\BaseScene.h">
      <Filter>include\engine\scene</Filter>
    </ClInclude>
    <ClInclude Include="include\engine\scene\TitleScene.h">
      <Filter>include\engine\scene</Filter>
    </ClInclude>
    <ClInclude Include="include\engine\scene\SceneManager.h">
      <Filter>include\engine\scene</Filter>
    </ClInclude>
    <ClInclude Include="include\engine\scene\AbstractSceneFactory.h">
      <Filter>include\engine\scene</Filter>
    </ClInclude>
    <ClInclude Include="include\engine\scene\SceneType.h">
      <Filter>include\engine\scene</Filter>
    </ClInclude>
    <ClInclude Include="include\engine\scene\SceneFactory.h">
      <Filter>include\engine\scene</Filter>
    </ClInclude>
  </ItemGroup>
  <ItemGroup>
    <Text Include="externals\imgui\LICENSE.txt">
      <Filter>externals\imgui</Filter>
    </Text>
    <Text Include="externals\ImGuizmo\LICENSE">
      <Filter>externals\ImGuizmo</Filter>
    </Text>
    <Text Include="externals\ImGuiFileDialog\LICENSE">
      <Filter>externals\ImGuiFileDialog</Filter>
    </Text>
    <Text Include="externals\implot\LICENSE">
      <Filter>externals\implot</Filter>
    </Text>
    <Text Include="externals\imgui-node-editor\LICENSE">
      <Filter>externals\imgui-node-editor</Filter>
    </Text>
    <Text Include="externals\ImGuiColorTextEdit\LICENSE">
      <Filter>externals\ImGuiColorTextEdit</Filter>
    </Text>
    <Text Include="externals\IconFontCppHeaders\licence.txt">
      <Filter>externals\IconFontCppHeaders</Filter>
    </Text>
    <Text Include="resources\fonts\FONT_AWESOME_LICENSE.txt">
      <Filter>resources\fonts</Filter>
    </Text>
  </ItemGroup>
  <ItemGroup>
    <None Include="resources\skybox\kloofendal_48d_partly_cloudy_puresky_4k.hdr">
      <Filter>resources\skybox</Filter>
    </None>
    <None Include="resources\fonts\fa-solid-900.ttf">
      <Filter>resources\fonts</Filter>
    </None>
    <None Include="resources\fonts\fa-regular-400.ttf">
      <Filter>resources\fonts</Filter>
    </None>
    <None Include="resources\skybox\kloofendal_48d_partly_cloudy_puresky_4k.exr">
      <Filter>resources\skybox</Filter>
    </None>
    <None Include="resources\skybox\kloofendal_48d_partly_cloudy_puresky_4k_cube.dds">
      <Filter>resources\skybox</Filter>
    </None>
    <None Include="resources\grass.png">
      <Filter>resources</Filter>
    </None>
    <None Include="resources\gradationLine.png">
      <Filter>resources</Filter>
    </None>
    <None Include="resources\plane.bin">
      <Filter>resources</Filter>
    </None>
    <None Include="resources\plane.gltf">
      <Filter>resources</Filter>
    </None>
    <None Include="resources\circle2.png">
      <Filter>resources</Filter>
    </None>
    <None Include="resources\sphere.mtl">
      <Filter>resources</Filter>
    </None>
    <None Include="resources\sphere.obj">
      <Filter>resources</Filter>
    </None>
    <None Include="resources\skybox\rostock_laage_airport_4k.dds">
      <Filter>resources\skybox</Filter>
    </None>
    <None Include="shaders\EmitParticle.CS.hlsl">
      <Filter>shaders</Filter>
    </None>
    <None Include="shaders\InitializeParticle.CS.hlsl">
      <Filter>shaders</Filter>
    </None>
    <None Include="shaders\Fullscreen.hlsli">
      <Filter>shaders</Filter>
    </None>
    <None Include="shaders\Object3d.hlsli">
      <Filter>shaders</Filter>
    </None>
    <None Include="shaders\Skybox.hlsli">
      <Filter>shaders</Filter>
    </None>
    <None Include="shaders\UpdateParticle.CS.hlsl">
      <Filter>shaders</Filter>
    </None>
  </ItemGroup>
  <ItemGroup>
    <ResourceCompile Include="CG2.rc" />
  </ItemGroup>
</Project>
